Microsoft Visual Studio Solution File, Format Version 12.00
# Visual Studio Version 17
VisualStudioVersion = 17.5.2.0
MinimumVisualStudioVersion = 10.0.40219.1
Project("{FAE04EC0-301F-11D3-BF4B-00C04F79EFBC}") = "my-console-app", "my-console-app.csproj", "{61E95FF4-BD73-94E3-75FE-F1DA9A54A532}"
EndProject
Global
	GlobalSection(SolutionConfigurationPlatforms) = preSolution
		Debug|Any CPU = Debug|Any CPU
		Release|Any CPU = Release|Any CPU
	EndGlobalSection
	GlobalSection(ProjectConfigurationPlatforms) = postSolution
		{61E95FF4-BD73-94E3-75FE-F1DA9A54A532}.Debug|Any CPU.ActiveCfg = Debug|Any CPU
		{61E95FF4-BD73-94E3-75FE-F1DA9A54A532}.Debug|Any CPU.Build.0 = Debug|Any CPU
		{61E95FF4-BD73-94E3-75FE-F1DA9A54A532}.Release|Any CPU.ActiveCfg = Release|Any CPU
		{61E95FF4-BD73-94E3-75FE-F1DA9A54A532}.Release|Any CPU.Build.0 = Release|Any CPU
	EndGlobalSection
	GlobalSection(SolutionProperties) = preSolution
		HideSolutionNode = FALSE
	EndGlobalSection
	GlobalSection(ExtensibilityGlobals) = postSolution
		SolutionGuid = {0B7FEF17-6706-4C27-BAB5-0E0C6E5E767F}
	EndGlobalSection
EndGlobal
